
Microsoft Visual Studio Solution File, Format Version 12.00
# Visual Studio Version 16
VisualStudioVersion = 16.0.30309.148
MinimumVisualStudioVersion = 10.0.40219.1
Project("{FAE04EC0-301F-11D3-BF4B-00C04F79EFBC}") = "AHBC_Exercise48withEnumerables", "AHBC_Exercise48withEnumerables\AHBC_Exercise48withEnumerables.csproj", "{7E3F8A69-375D-4279-AB5C-C13DFC78B48C}"
EndProject
Global
	GlobalSection(SolutionConfigurationPlatforms) = preSolution
		Debug|Any CPU = Debug|Any CPU
		Release|Any CPU = Release|Any CPU
	EndGlobalSection
	GlobalSection(ProjectConfigurationPlatforms) = postSolution
		{7E3F8A69-375D-4279-AB5C-C13DFC78B48C}.Debug|Any CPU.ActiveCfg = Debug|Any CPU
		{7E3F8A69-375D-4279-AB5C-C13DFC78B48C}.Debug|Any CPU.Build.0 = Debug|Any CPU
		{7E3F8A69-375D-4279-AB5C-C13DFC78B48C}.Release|Any CPU.ActiveCfg = Release|Any CPU
		{7E3F8A69-375D-4279-AB5C-C13DFC78B48C}.Release|Any CPU.Build.0 = Release|Any CPU
	EndGlobalSection
	GlobalSection(SolutionProperties) = preSolution
		HideSolutionNode = FALSE
	EndGlobalSection
	GlobalSection(ExtensibilityGlobals) = postSolution
		SolutionGuid = {2890BE12-7699-4B01-AAC8-84E1E5A420CB}
	EndGlobalSection
EndGlobal
